{
  "name": "server",
  "version": "1.0.0",
  "lockfileVersion": 1,
  "requires": true,
  "dependencies": {
    "@types/bcryptjs": {
      "version": "2.4.2",
      "resolved": "https://proget.onbase.net/npm/npm/@types/bcryptjs/-/bcryptjs-2.4.2.tgz",
      "integrity": "sha1-41MOrJ3RNr/fsOQ98sTFzh93364="
    },
    "@types/validator": {
      "version": "6.3.0",
      "resolved": "https://proget.onbase.net/npm/npm/@types/validator/-/validator-6.3.0.tgz",
      "integrity": "sha1-10VL1nxqkzqdvpOa4W7b8PaJTnA="
    },
    "apollo-fetch": {
      "version": "0.6.0",
      "resolved": "https://proget.onbase.net/npm/npm/apollo-fetch/-/apollo-fetch-0.6.0.tgz",
      "integrity": "sha1-qumyjBF680SwkeyLpNGlqgR03F0=",
      "requires": {
        "isomorphic-fetch": "^2.2.1"
      }
    },
    "apollo-link": {
      "version": "0.7.0",
      "resolved": "https://proget.onbase.net/npm/npm/apollo-link/-/apollo-link-0.7.0.tgz",
      "integrity": "sha512-LPwygaqW57k7D5rKEdd5xZcLL7SY7MbUkvDYXfU/+el6Iq46AXfxJICXrU6UVydngEBD1DYm0t8CT4JRk0MR7g==",
      "requires": {
        "apollo-utilities": "^0.2.0-beta.0",
        "graphql": "^0.11.3",
        "zen-observable-ts": "^0.5.0"
      }
    },
    "apollo-link-http": {
      "version": "0.7.0",
      "resolved": "https://proget.onbase.net/npm/npm/apollo-link-http/-/apollo-link-http-0.7.0.tgz",
      "integrity": "sha512-BCYxduD5oHfsiWz15pcjooyAsP4E6gmL1BH4z4ikwU6I++QhbIBt5zH+ezUQcOKcozNY7+ZfcA4oaRud9FbkbA==",
      "requires": {
        "apollo-fetch": "^0.6.0",
        "graphql": "^0.11.0"
      }
    },
    "apollo-utilities": {
      "version": "0.2.0-rc.3",
      "resolved": "https://proget.onbase.net/npm/npm/apollo-utilities/-/apollo-utilities-0.2.0-rc.3.tgz",
      "integrity": "sha1-e9k74PWH8gxbRuIYgCcuMFdZ/cI="
    },
    "bcryptjs": {
      "version": "2.4.3",
      "resolved": "https://proget.onbase.net/npm/npm/bcryptjs/-/bcryptjs-2.4.3.tgz",
      "integrity": "sha1-mrVie5PmBiH/fNrF2pczAn3x0Ms="
    },
    "cross-fetch": {
      "version": "2.2.2",
      "resolved": "https://proget.onbase.net/npm/npm/cross-fetch/-/cross-fetch-2.2.2.tgz",
      "integrity": "sha1-pH/09/xxLauo9qaVoRyUhEDUVyM=",
      "requires": {
        "node-fetch": "2.1.2",
        "whatwg-fetch": "2.0.4"
      },
      "dependencies": {
        "node-fetch": {
          "version": "2.1.2",
          "resolved": "https://proget.onbase.net/npm/npm/node-fetch/-/node-fetch-2.1.2.tgz",
          "integrity": "sha1-q4hOjn5X44qUR1POxwb3iNF2i7U="
        },
        "whatwg-fetch": {
          "version": "2.0.4",
          "resolved": "https://proget.onbase.net/npm/npm/whatwg-fetch/-/whatwg-fetch-2.0.4.tgz",
          "integrity": "sha1-3eal3zFfnTmZGqF2IYU9cguFVm8="
        }
      }
    },
    "deprecated-decorator": {
      "version": "0.1.6",
      "resolved": "https://proget.onbase.net/npm/npm/deprecated-decorator/-/deprecated-decorator-0.1.6.tgz",
      "integrity": "sha1-AJZjF7ehL+kvPMgx91g68ym4bDc="
    },
    "encoding": {
      "version": "0.1.12",
      "resolved": "https://proget.onbase.net/npm/npm/encoding/-/encoding-0.1.12.tgz",
      "integrity": "sha1-U4tm8+5izRq1HsMjgp0flIDHS+s=",
      "requires": {
        "iconv-lite": "~0.4.13"
      }
    },
    "fast-json-stable-stringify": {
      "version": "2.0.0",
      "resolved": "https://proget.onbase.net/npm/npm/fast-json-stable-stringify/-/fast-json-stable-stringify-2.0.0.tgz",
      "integrity": "sha1-1RQsDK7msRifh9OnYREGT4bIu/I="
    },
    "graphcool-lib": {
      "version": "0.1.4",
      "resolved": "https://proget.onbase.net/npm/npm/graphcool-lib/-/graphcool-lib-0.1.4.tgz",
      "integrity": "sha512-qUmcS+nQLPR3gTOvfQbHAdwKkwBJlUIm1SNb+5lcPkh3iIPXSISHJcpt7kECNB2s75O8shKYGMXJRd3F5S2Aaw==",
      "requires": {
        "apollo-link": "^0.7.0",
        "apollo-link-http": "^0.7.0",
        "graphql": "^0.11.2",
        "graphql-request": "^1.3.4",
        "graphql-tools": "^2.4.0",
        "node-fetch": "^1.7.3",
        "source-map-support": "^0.4.17"
      }
    },
    "graphql": {
      "version": "0.11.7",
      "resolved": "https://proget.onbase.net/npm/npm/graphql/-/graphql-0.11.7.tgz",
      "integrity": "sha1-5auqnLe3zMuE6fCDa/Q3DSaHUMY=",
      "requires": {
        "iterall": "1.1.3"
      }
    },
    "graphql-request": {
      "version": "1.8.2",
      "resolved": "https://proget.onbase.net/npm/npm/graphql-request/-/graphql-request-1.8.2.tgz",
      "integrity": "sha1-OY0QrhXFhWdnQb3j/AHVypSPj74=",
      "requires": {
        "cross-fetch": "2.2.2"
      }
    },
    "graphql-tools": {
      "version": "2.24.0",
      "resolved": "https://proget.onbase.net/npm/npm/graphql-tools/-/graphql-tools-2.24.0.tgz",
      "integrity": "sha1-u6yq0DkkASoO24c1peZd9dVWNnU=",
      "requires": {
        "apollo-link": "^1.2.1",
        "apollo-utilities": "^1.0.1",
        "deprecated-decorator": "^0.1.6",
        "iterall": "^1.1.3",
        "uuid": "^3.1.0"
      },
      "dependencies": {
        "apollo-link": {
          "version": "1.2.6",
          "resolved": "https://proget.onbase.net/npm/npm/apollo-link/-/apollo-link-1.2.6.tgz",
          "integrity": "sha1-2bVnbXnAHrTkJLlccXFpf2rSuNo=",
          "requires": {
            "apollo-utilities": "^1.0.0",
            "zen-observable-ts": "^0.8.13"
          }
        },
        "apollo-utilities": {
          "version": "1.0.27",
          "resolved": "https://proget.onbase.net/npm/npm/apollo-utilities/-/apollo-utilities-1.0.27.tgz",
          "integrity": "sha1-d8VQ+QhlUjduyjpI4jShRmtbBX4=",
          "requires": {
            "fast-json-stable-stringify": "^2.0.0"
          }
        },
        "zen-observable-ts": {
          "version": "0.8.13",
          "resolved": "https://proget.onbase.net/npm/npm/zen-observable-ts/-/zen-observable-ts-0.8.13.tgz",
          "integrity": "sha1-rh/XfITvlVEBiLH4vKV516VEj8I=",
          "requires": {
            "zen-observable": "^0.8.0"
          }
        }
      }
    },
    "iconv-lite": {
      "version": "0.4.24",
      "resolved": "https://proget.onbase.net/npm/npm/iconv-lite/-/iconv-lite-0.4.24.tgz",
      "integrity": "sha1-ICK0sl+93CHS9SSXSkdKr+czkIs=",
      "requires": {
        "safer-buffer": ">= 2.1.2 < 3"
      }
    },
    "is-stream": {
      "version": "1.1.0",
      "resolved": "https://proget.onbase.net/npm/npm/is-stream/-/is-stream-1.1.0.tgz",
      "integrity": "sha1-EtSj3U5o4Lec6428hBc66A2RykQ="
    },
    "isomorphic-fetch": {
      "version": "2.2.1",
      "resolved": "https://proget.onbase.net/npm/npm/isomorphic-fetch/-/isomorphic-fetch-2.2.1.tgz",
      "integrity": "sha1-YRrhrPFPXoH3KVB0coGf6XM1WKk=",
      "requires": {
        "node-fetch": "^1.0.1",
        "whatwg-fetch": ">=0.10.0"
      }
    },
    "iterall": {
      "version": "1.1.3",
      "resolved": "https://proget.onbase.net/npm/npm/iterall/-/iterall-1.1.3.tgz",
      "integrity": "sha1-HLv/liBAVt3mZW4u0uIibQ5tcsk="
    },
    "node-fetch": {
      "version": "1.7.3",
      "resolved": "https://proget.onbase.net/npm/npm/node-fetch/-/node-fetch-1.7.3.tgz",
      "integrity": "sha1-mA9vcthSEaU0fGsrwYxbhMPrR+8=",
      "requires": {
        "encoding": "^0.1.11",
        "is-stream": "^1.0.1"
      }
    },
    "safer-buffer": {
      "version": "2.1.2",
      "resolved": "https://proget.onbase.net/npm/npm/safer-buffer/-/safer-buffer-2.1.2.tgz",
      "integrity": "sha1-RPoWGwGHuVSd2Eu5GAL5vYOFzWo="
    },
    "source-map": {
      "version": "0.5.7",
      "resolved": "https://proget.onbase.net/npm/npm/source-map/-/source-map-0.5.7.tgz",
      "integrity": "sha1-igOdLRAh0i0eoUyA2OpGi6LvP8w="
    },
    "source-map-support": {
      "version": "0.4.18",
      "resolved": "https://proget.onbase.net/npm/npm/source-map-support/-/source-map-support-0.4.18.tgz",
      "integrity": "sha1-Aoam3ovkJkEzhZTpfM6nXwosWF8=",
      "requires": {
        "source-map": "^0.5.6"
      }
    },
    "uuid": {
      "version": "3.3.2",
      "resolved": "https://proget.onbase.net/npm/npm/uuid/-/uuid-3.3.2.tgz",
      "integrity": "sha1-G0r0lV6zB3xQHCOHL8ZROBFYcTE="
    },
    "validator": {
      "version": "9.4.1",
      "resolved": "https://proget.onbase.net/npm/npm/validator/-/validator-9.4.1.tgz",
      "integrity": "sha1-q/Rm05i1Yc0kMFARLG/x3mzBJmM="
    },
    "whatwg-fetch": {
      "version": "3.0.0",
      "resolved": "https://proget.onbase.net/npm/npm/whatwg-fetch/-/whatwg-fetch-3.0.0.tgz",
      "integrity": "sha1-/IBORYzEYACbGiuWa8iBfSV4rvs="
    },
    "zen-observable": {
      "version": "0.8.11",
      "resolved": "https://proget.onbase.net/npm/npm/zen-observable/-/zen-observable-0.8.11.tgz",
      "integrity": "sha1-00FYhe7rQu5au5ghyVu1GPzW0Zk="
    },
    "zen-observable-ts": {
      "version": "0.5.0",
      "resolved": "https://proget.onbase.net/npm/npm/zen-observable-ts/-/zen-observable-ts-0.5.0.tgz",
      "integrity": "sha512-8soRu9VE2HYkAAKcDegToWzu8snITcZjujnE4SXc+7IczbHXRCFkd4Cj4DgYq88nU6SwTU5lkea7KBGNa/CaFw=="
    }
  }
}
